{
  "name": "npm-practica",
  "version": "1.0.0",
  "lockfileVersion": 2,
  "requires": true,
  "packages": {
    "": {
      "name": "npm-practica",
      "version": "1.0.0",
      "license": "ISC",
      "dependencies": {
        "moment": "^2.29.1",
        "popular-movie-quotes": "^1.2.4"
      }
    },
    "node_modules/moment": {
      "version": "2.29.1",
      "resolved": "https://registry.npmjs.org/moment/-/moment-2.29.1.tgz",
      "integrity": "sha512-kHmoybcPV8Sqy59DwNDY3Jefr64lK/by/da0ViFcuA4DH0vQg5Q6Ze5VimxkfQNSC+Mls/Kx53s7TjP1RhFEDQ==",
      "engines": {
        "node": "*"
      }
    },
    "node_modules/popular-movie-quotes": {
      "version": "1.2.4",
      "resolved": "https://registry.npmjs.org/popular-movie-quotes/-/popular-movie-quotes-1.2.4.tgz",
      "integrity": "sha512-YOwjB6cKq+RIwbrlPONH0jP14XoBfSHtBGWxm+ZQGGvHLKYBhdoaPZcTBZgC+HV7xY4W4GTQO2Wj7Go5hP1n/w=="
    }
  },
  "dependencies": {
    "moment": {
      "version": "2.29.1",
      "resolved": "https://registry.npmjs.org/moment/-/moment-2.29.1.tgz",
      "integrity": "sha512-kHmoybcPV8Sqy59DwNDY3Jefr64lK/by/da0ViFcuA4DH0vQg5Q6Ze5VimxkfQNSC+Mls/Kx53s7TjP1RhFEDQ=="
    },
    "popular-movie-quotes": {
      "version": "1.2.4",
      "resolved": "https://registry.npmjs.org/popular-movie-quotes/-/popular-movie-quotes-1.2.4.tgz",
      "integrity": "sha512-YOwjB6cKq+RIwbrlPONH0jP14XoBfSHtBGWxm+ZQGGvHLKYBhdoaPZcTBZgC+HV7xY4W4GTQO2Wj7Go5hP1n/w=="
    }
  }
}
